
Microsoft Visual Studio Solution File, Format Version 12.00
# Visual Studio 15
VisualStudioVersion = 15.0.27703.2018
MinimumVisualStudioVersion = 10.0.40219.1
Project("{FAE04EC0-301F-11D3-BF4B-00C04F79EFBC}") = "Volumes 2019", "Volumes 2019\Volumes 2019.csproj", "{FEA1ABB8-7548-447A-8586-034C0A0D1F9C}"
EndProject
Global
	GlobalSection(SolutionConfigurationPlatforms) = preSolution
		Debug|Any CPU = Debug|Any CPU
		Release|Any CPU = Release|Any CPU
	EndGlobalSection
	GlobalSection(ProjectConfigurationPlatforms) = postSolution
		{FEA1ABB8-7548-447A-8586-034C0A0D1F9C}.Debug|Any CPU.ActiveCfg = Debug|Any CPU
		{FEA1ABB8-7548-447A-8586-034C0A0D1F9C}.Debug|Any CPU.Build.0 = Debug|Any CPU
		{FEA1ABB8-7548-447A-8586-034C0A0D1F9C}.Release|Any CPU.ActiveCfg = Release|Any CPU
		{FEA1ABB8-7548-447A-8586-034C0A0D1F9C}.Release|Any CPU.Build.0 = Release|Any CPU
	EndGlobalSection
	GlobalSection(SolutionProperties) = preSolution
		HideSolutionNode = FALSE
	EndGlobalSection
	GlobalSection(ExtensibilityGlobals) = postSolution
		SolutionGuid = {A59AC8D0-C846-4E6A-A847-8DAEFD17C6A5}
	EndGlobalSection
EndGlobal
